# THIS IS AN AUTOGENERATED FILE. DO NOT EDIT THIS FILE DIRECTLY.
# yarn lockfile v1


jquery@^3.4.1:
  version "3.4.1"
  resolved "https://registry.yarnpkg.com/jquery/-/jquery-3.4.1.tgz#714f1f8d9dde4bdfa55764ba37ef214630d80ef2"
  integrity sha512-36+AdBzCL+y6qjw5Tx7HgzeGCzC81MDDgaUP8ld2zhx58HdqXGoBd+tHdrBMiyjGQs0Hxs/MLZTu/eHNJJuWPw==

moment@^2.24.0:
  version "2.24.0"
  resolved "https://registry.yarnpkg.com/moment/-/moment-2.24.0.tgz#0d055d53f5052aa653c9f6eb68bb5d12bf5c2b5b"
  integrity sha512-bV7f+6l2QigeBBZSM/6yTNq4P2fNpSWj/0e7jQcy87A8e7o2nAfP/34/2ky5Vw4B9S446EtIhodAzkFCcR4dQg==

pg-calendar@^1.4.31:
  version "1.4.31"
  resolved "https://registry.yarnpkg.com/pg-calendar/-/pg-calendar-1.4.31.tgz#7d4729f1d60ef454e95a8d1ae742632be7c3a2e1"
  integrity sha512-QAo5C8qSycr97QjrO5HPH/bHRvoON6dS95zAroA7vNrsCrNB7k7qg3Got0Ve5SZijBYL20wg2j931cdi2FbWRg==
  dependencies:
    jquery "^3.4.1"
    moment "^2.24.0"
